
Microsoft Visual Studio Solution File, Format Version 12.00
# Visual Studio Version 17
VisualStudioVersion = 17.3.32901.215
MinimumVisualStudioVersion = 10.0.40219.1
Project("{9A19103F-16F7-4668-BE54-9A1E7A4F7556}") = "BookApi", "BookApi\BookApi.csproj", "{3022D93D-F863-46C4-985B-96E814230B4D}"
EndProject
Project("{9A19103F-16F7-4668-BE54-9A1E7A4F7556}") = "BookApiServiceTests", "BookApiServiceTests\BookApiServiceTests.csproj", "{611B2415-FFC9-4215-9D0C-74DC15289A04}"
EndProject
Project("{9A19103F-16F7-4668-BE54-9A1E7A4F7556}") = "BookApiUnitTests", "BookApiUnitTests\BookApiUnitTests.csproj", "{A58B725D-3BCA-465E-8F49-E6E08447B1A3}"
EndProject
Project("{9A19103F-16F7-4668-BE54-9A1E7A4F7556}") = "Contracts", "Contracts\Contracts.csproj", "{0B0823FE-BC70-4E2D-BB01-BF6B72D30D5E}"
EndProject
Project("{9A19103F-16F7-4668-BE54-9A1E7A4F7556}") = "Entities", "Entities\Entities.csproj", "{82C240D7-30C4-4676-A3F9-02ED21478D53}"
EndProject
Project("{9A19103F-16F7-4668-BE54-9A1E7A4F7556}") = "RepositorySql", "RepositorySql\RepositorySql.csproj", "{7F6D725B-E96B-4C86-A11D-1D37F442C064}"
EndProject
Project("{FAE04EC0-301F-11D3-BF4B-00C04F79EFBC}") = "LoggerService", "LoggerService\LoggerService.csproj", "{D21DA273-9A2D-40CA-BF1D-71C5406B78B5}"
EndProject
Global
	GlobalSection(SolutionConfigurationPlatforms) = preSolution
		Debug|Any CPU = Debug|Any CPU
		Release|Any CPU = Release|Any CPU
	EndGlobalSection
	GlobalSection(ProjectConfigurationPlatforms) = postSolution
		{3022D93D-F863-46C4-985B-96E814230B4D}.Debug|Any CPU.ActiveCfg = Debug|Any CPU
		{3022D93D-F863-46C4-985B-96E814230B4D}.Debug|Any CPU.Build.0 = Debug|Any CPU
		{3022D93D-F863-46C4-985B-96E814230B4D}.Release|Any CPU.ActiveCfg = Release|Any CPU
		{3022D93D-F863-46C4-985B-96E814230B4D}.Release|Any CPU.Build.0 = Release|Any CPU
		{611B2415-FFC9-4215-9D0C-74DC15289A04}.Debug|Any CPU.ActiveCfg = Debug|Any CPU
		{611B2415-FFC9-4215-9D0C-74DC15289A04}.Debug|Any CPU.Build.0 = Debug|Any CPU
		{611B2415-FFC9-4215-9D0C-74DC15289A04}.Release|Any CPU.ActiveCfg = Release|Any CPU
		{611B2415-FFC9-4215-9D0C-74DC15289A04}.Release|Any CPU.Build.0 = Release|Any CPU
		{A58B725D-3BCA-465E-8F49-E6E08447B1A3}.Debug|Any CPU.ActiveCfg = Debug|Any CPU
		{A58B725D-3BCA-465E-8F49-E6E08447B1A3}.Debug|Any CPU.Build.0 = Debug|Any CPU
		{A58B725D-3BCA-465E-8F49-E6E08447B1A3}.Release|Any CPU.ActiveCfg = Release|Any CPU
		{A58B725D-3BCA-465E-8F49-E6E08447B1A3}.Release|Any CPU.Build.0 = Release|Any CPU
		{0B0823FE-BC70-4E2D-BB01-BF6B72D30D5E}.Debug|Any CPU.ActiveCfg = Debug|Any CPU
		{0B0823FE-BC70-4E2D-BB01-BF6B72D30D5E}.Debug|Any CPU.Build.0 = Debug|Any CPU
		{0B0823FE-BC70-4E2D-BB01-BF6B72D30D5E}.Release|Any CPU.ActiveCfg = Release|Any CPU
		{0B0823FE-BC70-4E2D-BB01-BF6B72D30D5E}.Release|Any CPU.Build.0 = Release|Any CPU
		{82C240D7-30C4-4676-A3F9-02ED21478D53}.Debug|Any CPU.ActiveCfg = Debug|Any CPU
		{82C240D7-30C4-4676-A3F9-02ED21478D53}.Debug|Any CPU.Build.0 = Debug|Any CPU
		{82C240D7-30C4-4676-A3F9-02ED21478D53}.Release|Any CPU.ActiveCfg = Release|Any CPU
		{82C240D7-30C4-4676-A3F9-02ED21478D53}.Release|Any CPU.Build.0 = Release|Any CPU
		{7F6D725B-E96B-4C86-A11D-1D37F442C064}.Debug|Any CPU.ActiveCfg = Debug|Any CPU
		{7F6D725B-E96B-4C86-A11D-1D37F442C064}.Debug|Any CPU.Build.0 = Debug|Any CPU
		{7F6D725B-E96B-4C86-A11D-1D37F442C064}.Release|Any CPU.ActiveCfg = Release|Any CPU
		{7F6D725B-E96B-4C86-A11D-1D37F442C064}.Release|Any CPU.Build.0 = Release|Any CPU
		{D21DA273-9A2D-40CA-BF1D-71C5406B78B5}.Debug|Any CPU.ActiveCfg = Debug|Any CPU
		{D21DA273-9A2D-40CA-BF1D-71C5406B78B5}.Debug|Any CPU.Build.0 = Debug|Any CPU
		{D21DA273-9A2D-40CA-BF1D-71C5406B78B5}.Release|Any CPU.ActiveCfg = Release|Any CPU
		{D21DA273-9A2D-40CA-BF1D-71C5406B78B5}.Release|Any CPU.Build.0 = Release|Any CPU
	EndGlobalSection
	GlobalSection(SolutionProperties) = preSolution
		HideSolutionNode = FALSE
	EndGlobalSection
	GlobalSection(ExtensibilityGlobals) = postSolution
		SolutionGuid = {E41E21BA-E753-413A-A3E9-72D7EB833C3D}
	EndGlobalSection
EndGlobal
